
Microsoft Visual Studio Solution File, Format Version 12.00
# Visual Studio 2013
VisualStudioVersion = 12.0.21005.1
MinimumVisualStudioVersion = 10.0.40219.1
Project("{FAE04EC0-301F-11D3-BF4B-00C04F79EFBC}") = "ITI.PixLogic.Tests", "ITI.PixLogic.Tests\ITI.PixLogic.Tests.csproj", "{057632F9-4DA7-414D-8322-768DDA1F4F71}"
EndProject
Project("{FAE04EC0-301F-11D3-BF4B-00C04F79EFBC}") = "ITI.PixLogic.BLL", "ITI.PixLogic.Controller\ITI.PixLogic.BLL.csproj", "{F149C96F-200B-4769-A990-7266CF3DA8EC}"
EndProject
Project("{2150E333-8FDC-42A3-9474-1A3956D46DE8}") = ".nuget", ".nuget", "{CC4A0853-E7B4-4320-BDDA-CD0FCA0A70FE}"
	ProjectSection(SolutionItems) = preProject
		.nuget\packages.config = .nuget\packages.config
	EndProjectSection
EndProject
Project("{FAE04EC0-301F-11D3-BF4B-00C04F79EFBC}") = "ITI.PixLogic.WinForms", "ITI.PixLogic.WinForms\ITI.PixLogic.WinForms.csproj", "{95B740B9-4327-4672-B1DA-2A570A4C775A}"
EndProject
Project("{FAE04EC0-301F-11D3-BF4B-00C04F79EFBC}") = "ITI.PixLogic.WebSite", "ITI.PixLogic.WebSite\ITI.PixLogic.WebSite.csproj", "{8D1E4926-06E2-49A9-B342-439F108CB9B9}"
EndProject
Global
	GlobalSection(SolutionConfigurationPlatforms) = preSolution
		Debug|Any CPU = Debug|Any CPU
		Release|Any CPU = Release|Any CPU
	EndGlobalSection
	GlobalSection(ProjectConfigurationPlatforms) = postSolution
		{057632F9-4DA7-414D-8322-768DDA1F4F71}.Debug|Any CPU.ActiveCfg = Debug|Any CPU
		{057632F9-4DA7-414D-8322-768DDA1F4F71}.Debug|Any CPU.Build.0 = Debug|Any CPU
		{057632F9-4DA7-414D-8322-768DDA1F4F71}.Release|Any CPU.ActiveCfg = Release|Any CPU
		{057632F9-4DA7-414D-8322-768DDA1F4F71}.Release|Any CPU.Build.0 = Release|Any CPU
		{F149C96F-200B-4769-A990-7266CF3DA8EC}.Debug|Any CPU.ActiveCfg = Debug|Any CPU
		{F149C96F-200B-4769-A990-7266CF3DA8EC}.Debug|Any CPU.Build.0 = Debug|Any CPU
		{F149C96F-200B-4769-A990-7266CF3DA8EC}.Release|Any CPU.ActiveCfg = Release|Any CPU
		{F149C96F-200B-4769-A990-7266CF3DA8EC}.Release|Any CPU.Build.0 = Release|Any CPU
		{95B740B9-4327-4672-B1DA-2A570A4C775A}.Debug|Any CPU.ActiveCfg = Debug|Any CPU
		{95B740B9-4327-4672-B1DA-2A570A4C775A}.Debug|Any CPU.Build.0 = Debug|Any CPU
		{95B740B9-4327-4672-B1DA-2A570A4C775A}.Release|Any CPU.ActiveCfg = Release|Any CPU
		{95B740B9-4327-4672-B1DA-2A570A4C775A}.Release|Any CPU.Build.0 = Release|Any CPU
		{8D1E4926-06E2-49A9-B342-439F108CB9B9}.Debug|Any CPU.ActiveCfg = Debug|Any CPU
		{8D1E4926-06E2-49A9-B342-439F108CB9B9}.Debug|Any CPU.Build.0 = Debug|Any CPU
		{8D1E4926-06E2-49A9-B342-439F108CB9B9}.Release|Any CPU.ActiveCfg = Release|Any CPU
		{8D1E4926-06E2-49A9-B342-439F108CB9B9}.Release|Any CPU.Build.0 = Release|Any CPU
	EndGlobalSection
	GlobalSection(SolutionProperties) = preSolution
		HideSolutionNode = FALSE
	EndGlobalSection
EndGlobal
